
Microsoft Visual Studio Solution File, Format Version 12.00
Project("{FAE04EC0-301F-11D3-BF4B-00C04F79EFBC}") = "Tutorial1", "Tutorial1\Tutorial1.csproj", "{A001FC9C-40AE-4AB5-BA3C-37E0C8B8334B}"
EndProject
Global
	GlobalSection(SolutionConfigurationPlatforms) = preSolution
		Debug|Any CPU = Debug|Any CPU
		Release|Any CPU = Release|Any CPU
	EndGlobalSection
	GlobalSection(ProjectConfigurationPlatforms) = postSolution
		{A001FC9C-40AE-4AB5-BA3C-37E0C8B8334B}.Debug|Any CPU.ActiveCfg = Debug|Any CPU
		{A001FC9C-40AE-4AB5-BA3C-37E0C8B8334B}.Debug|Any CPU.Build.0 = Debug|Any CPU
		{A001FC9C-40AE-4AB5-BA3C-37E0C8B8334B}.Release|Any CPU.ActiveCfg = Release|Any CPU
		{A001FC9C-40AE-4AB5-BA3C-37E0C8B8334B}.Release|Any CPU.Build.0 = Release|Any CPU
	EndGlobalSection
EndGlobal
